
Microsoft Visual Studio Solution File, Format Version 12.00
# Visual Studio Version 17
VisualStudioVersion = 17.4.33213.308
MinimumVisualStudioVersion = 10.0.40219.1
Project("{FAE04EC0-301F-11D3-BF4B-00C04F79EFBC}") = "Iths csharp uppgifter del 6 klassmetoder", "Iths csharp uppgifter del 6 klassmetoder\Iths csharp uppgifter del 6 klassmetoder.csproj", "{2855D88D-92DA-4856-896F-FE09304FDC65}"
EndProject
Global
	GlobalSection(SolutionConfigurationPlatforms) = preSolution
		Debug|Any CPU = Debug|Any CPU
		Release|Any CPU = Release|Any CPU
	EndGlobalSection
	GlobalSection(ProjectConfigurationPlatforms) = postSolution
		{2855D88D-92DA-4856-896F-FE09304FDC65}.Debug|Any CPU.ActiveCfg = Debug|Any CPU
		{2855D88D-92DA-4856-896F-FE09304FDC65}.Debug|Any CPU.Build.0 = Debug|Any CPU
		{2855D88D-92DA-4856-896F-FE09304FDC65}.Release|Any CPU.ActiveCfg = Release|Any CPU
		{2855D88D-92DA-4856-896F-FE09304FDC65}.Release|Any CPU.Build.0 = Release|Any CPU
	EndGlobalSection
	GlobalSection(SolutionProperties) = preSolution
		HideSolutionNode = FALSE
	EndGlobalSection
	GlobalSection(ExtensibilityGlobals) = postSolution
		SolutionGuid = {D07A2A23-BEBA-46FD-B457-8EEF77523826}
	EndGlobalSection
EndGlobal
